// !$*UTF8*$!
{
	archiveVersion = 1;
	classes = {
	};
	objectVersion = 56;
	objects = {

/* Begin PBXBuildFile section */
		CEBB6B81299B565200CAA2EF /* User.swift in Sources */ = {isa = PBXBuildFile; fileRef = CEBB6B80299B565200CAA2EF /* User.swift */; };
		CEC499AF2999FFD100ECEDD8 /* AppDelegate.swift in Sources */ = {isa = PBXBuildFile; fileRef = CEC499AE2999FFD100ECEDD8 /* AppDelegate.swift */; };
		CEC499B12999FFD100ECEDD8 /* SceneDelegate.swift in Sources */ = {isa = PBXBuildFile; fileRef = CEC499B02999FFD100ECEDD8 /* SceneDelegate.swift */; };
		CEC499B32999FFD100ECEDD8 /* LoginViewController.swift in Sources */ = {isa = PBXBuildFile; fileRef = CEC499B22999FFD100ECEDD8 /* LoginViewController.swift */; };
		CEC499B62999FFD100ECEDD8 /* Main.storyboard in Resources */ = {isa = PBXBuildFile; fileRef = CEC499B42999FFD100ECEDD8 /* Main.storyboard */; };
		CEC499B82999FFD200ECEDD8 /* Assets.xcassets in Resources */ = {isa = PBXBuildFile; fileRef = CEC499B72999FFD200ECEDD8 /* Assets.xcassets */; };
		CEC499BB2999FFD200ECEDD8 /* LaunchScreen.storyboard in Resources */ = {isa = PBXBuildFile; fileRef = CEC499B92999FFD200ECEDD8 /* LaunchScreen.storyboard */; };
		CEC499C3299A005500ECEDD8 /* WelcomeViewController.swift in Sources */ = {isa = PBXBuildFile; fileRef = CEC499C2299A005500ECEDD8 /* WelcomeViewController.swift */; };
/* End PBXBuildFile section */

/* Begin PBXFileReference section */
		CEBB6B80299B565200CAA2EF /* User.swift */ = {isa = PBXFileReference; lastKnownFileType = sourcecode.swift; path = User.swift; sourceTree = "<group>"; };
		CEC499AB2999FFD100ECEDD8 /* LogApp.app */ = {isa = PBXFileReference; explicitFileType = wrapper.application; includeInIndex = 0; path = LogApp.app; sourceTree = BUILT_PRODUCTS_DIR; };
		CEC499AE2999FFD100ECEDD8 /* AppDelegate.swift */ = {isa = PBXFileReference; lastKnownFileType = sourcecode.swift; path = AppDelegate.swift; sourceTree = "<group>"; };
		CEC499B02999FFD100ECEDD8 /* SceneDelegate.swift */ = {isa = PBXFileReference; lastKnownFileType = sourcecode.swift; path = SceneDelegate.swift; sourceTree = "<group>"; };
		CEC499B22999FFD100ECEDD8 /* LoginViewController.swift */ = {isa = PBXFileReference; lastKnownFileType = sourcecode.swift; path = LoginViewController.swift; sourceTree = "<group>"; };
		CEC499B52999FFD100ECEDD8 /* Base */ = {isa = PBXFileReference; lastKnownFileType = file.storyboard; name = Base; path = Base.lproj/Main.storyboard; sourceTree = "<group>"; };
		CEC499B72999FFD200ECEDD8 /* Assets.xcassets */ = {isa = PBXFileReference; lastKnownFileType = folder.assetcatalog; path = Assets.xcassets; sourceTree = "<group>"; };
		CEC499BA2999FFD200ECEDD8 /* Base */ = {isa = PBXFileReference; lastKnownFileType = file.storyboard; name = Base; path = Base.lproj/LaunchScreen.storyboard; sourceTree = "<group>"; };
		CEC499BC2999FFD200ECEDD8 /* Info.plist */ = {isa = PBXFileReference; lastKnownFileType = text.plist.xml; path = Info.plist; sourceTree = "<group>"; };
		CEC499C2299A005500ECEDD8 /* WelcomeViewController.swift */ = {isa = PBXFileReference; lastKnownFileType = sourcecode.swift; path = WelcomeViewController.swift; sourceTree = "<group>"; };
/* End PBXFileReference section */

/* Begin PBXFrameworksBuildPhase section */
		CEC499A82999FFD100ECEDD8 /* Frameworks */ = {
			isa = PBXFrameworksBuildPhase;
			buildActionMask = 2147483647;
			files = (
			);
			runOnlyForDeploymentPostprocessing = 0;
		};
/* End PBXFrameworksBuildPhase section */

/* Begin PBXGroup section */
		CEC499A22999FFD100ECEDD8 = {
			isa = PBXGroup;
			children = (
				CEC499AD2999FFD100ECEDD8 /* LogApp */,
				CEC499AC2999FFD100ECEDD8 /* Products */,
			);
			sourceTree = "<group>";
		};
		CEC499AC2999FFD100ECEDD8 /* Products */ = {
			isa = PBXGroup;
			children = (
				CEC499AB2999FFD100ECEDD8 /* LogApp.app */,
			);
			name = Products;
			sourceTree = "<group>";
		};
		CEC499AD2999FFD100ECEDD8 /* LogApp */ = {
			isa = PBXGroup;
			children = (
				CEFE9576299E0D9B0024C0ED /* App */,
				CEFE9579299E0E0D0024C0ED /* ViewControllers */,
				CEFE9577299E0DE50024C0ED /* Model */,
				CEFE9578299E0DF70024C0ED /* Storyboards */,
				CEC499B72999FFD200ECEDD8 /* Assets.xcassets */,
			);
			path = LogApp;
			sourceTree = "<group>";
		};
		CEFE9576299E0D9B0024C0ED /* App */ = {
			isa = PBXGroup;
			children = (
				CEC499AE2999FFD100ECEDD8 /* AppDelegate.swift */,
				CEC499B02999FFD100ECEDD8 /* SceneDelegate.swift */,
				CEC499BC2999FFD200ECEDD8 /* Info.plist */,
			);
			path = App;
			sourceTree = "<group>";
		};
		CEFE9577299E0DE50024C0ED /* Model */ = {
			isa = PBXGroup;
			children = (
				CEBB6B80299B565200CAA2EF /* User.swift */,
			);
			path = Model;
			sourceTree = "<group>";
		};
		CEFE9578299E0DF70024C0ED /* Storyboards */ = {
			isa = PBXGroup;
			children = (
				CEC499B42999FFD100ECEDD8 /* Main.storyboard */,
				CEC499B92999FFD200ECEDD8 /* LaunchScreen.storyboard */,
			);
			path = Storyboards;
			sourceTree = "<group>";
		};
		CEFE9579299E0E0D0024C0ED /* ViewControllers */ = {
			isa = PBXGroup;
			children = (
				CEC499B22999FFD100ECEDD8 /* LoginViewController.swift */,
				CEC499C2299A005500ECEDD8 /* WelcomeViewController.swift */,
			);
			path = ViewControllers;
			sourceTree = "<group>";
		};
/* End PBXGroup section */

/* Begin PBXNativeTarget section */
		CEC499AA2999FFD100ECEDD8 /* LogApp */ = {
			isa = PBXNativeTarget;
			buildConfigurationList = CEC499BF2999FFD200ECEDD8 /* Build configuration list for PBXNativeTarget "LogApp" */;
			buildPhases = (
				CEC499A72999FFD100ECEDD8 /* Sources */,
				CEC499A82999FFD100ECEDD8 /* Frameworks */,
				CEC499A92999FFD100ECEDD8 /* Resources */,
			);
			buildRules = (
			);
			dependencies = (
			);
			name = LogApp;
			productName = LogApp;
			productReference = CEC499AB2999FFD100ECEDD8 /* LogApp.app */;
			productType = "com.apple.product-type.application";
		};
/* End PBXNativeTarget section */

/* Begin PBXProject section */
		CEC499A32999FFD100ECEDD8 /* Project object */ = {
			isa = PBXProject;
			attributes = {
				BuildIndependentTargetsInParallel = 1;
				LastSwiftUpdateCheck = 1420;
				LastUpgradeCheck = 1420;
				TargetAttributes = {
					CEC499AA2999FFD100ECEDD8 = {
						CreatedOnToolsVersion = 14.2;
					};
				};
			};
			buildConfigurationList = CEC499A62999FFD100ECEDD8 /* Build configuration list for PBXProject "LogApp" */;
			compatibilityVersion = "Xcode 14.0";
			developmentRegion = en;
			hasScannedForEncodings = 0;
			knownRegions = (
				en,
				Base,
			);
			mainGroup = CEC499A22999FFD100ECEDD8;
			productRefGroup = CEC499AC2999FFD100ECEDD8 /* Products */;
			projectDirPath = "";
			projectRoot = "";
			targets = (
				CEC499AA2999FFD100ECEDD8 /* LogApp */,
			);
		};
/* End PBXProject section */

/* Begin PBXResourcesBuildPhase section */
		CEC499A92999FFD100ECEDD8 /* Resources */ = {
			isa = PBXResourcesBuildPhase;
			buildActionMask = 2147483647;
			files = (
				CEC499BB2999FFD200ECEDD8 /* LaunchScreen.storyboard in Resources */,
				CEC499B82999FFD200ECEDD8 /* Assets.xcassets in Resources */,
				CEC499B62999FFD100ECEDD8 /* Main.storyboard in Resources */,
			);
			runOnlyForDeploymentPostprocessing = 0;
		};
/* End PBXResourcesBuildPhase section */

/* Begin PBXSourcesBuildPhase section */
		CEC499A72999FFD100ECEDD8 /* Sources */ = {
			isa = PBXSourcesBuildPhase;
			buildActionMask = 2147483647;
			files = (
				CEC499B32999FFD100ECEDD8 /* LoginViewController.swift in Sources */,
				CEC499C3299A005500ECEDD8 /* WelcomeViewController.swift in Sources */,
				CEC499AF2999FFD100ECEDD8 /* AppDelegate.swift in Sources */,
				CEBB6B81299B565200CAA2EF /* User.swift in Sources */,
				CEC499B12999FFD100ECEDD8 /* SceneDelegate.swift in Sources */,
			);
			runOnlyForDeploymentPostprocessing = 0;
		};
/* End PBXSourcesBuildPhase section */

/* Begin PBXVariantGroup section */
		CEC499B42999FFD100ECEDD8 /* Main.storyboard */ = {
			isa = PBXVariantGroup;
			children = (
				CEC499B52999FFD100ECEDD8 /* Base */,
			);
			name = Main.storyboard;
			sourceTree = "<group>";
		};
		CEC499B92999FFD200ECEDD8 /* LaunchScreen.storyboard */ = {
			isa = PBXVariantGroup;
			children = (
				CEC499BA2999FFD200ECEDD8 /* Base */,
			);
			name = LaunchScreen.storyboard;
			sourceTree = "<group>";
		};
/* End PBXVariantGroup section */

/* Begin XCBuildConfiguration section */
		CEC499BD2999FFD200ECEDD8 /* Debug */ = {
			isa = XCBuildConfiguration;
			buildSettings = {
				ALWAYS_SEARCH_USER_PATHS = NO;
				CLANG_ANALYZER_NONNULL = YES;
				CLANG_ANALYZER_NUMBER_OBJECT_CONVERSION = YES_AGGRESSIVE;
				CLANG_CXX_LANGUAGE_STANDARD = "gnu++20";
				CLANG_ENABLE_MODULES = YES;
				CLANG_ENABLE_OBJC_ARC = YES;
				CLANG_ENABLE_OBJC_WEAK = YES;
				CLANG_WARN_BLOCK_CAPTURE_AUTORELEASING = YES;
				CLANG_WARN_BOOL_CONVERSION = YES;
				CLANG_WARN_COMMA = YES;
				CLANG_WARN_CONSTANT_CONVERSION = YES;
				CLANG_WARN_DEPRECATED_OBJC_IMPLEMENTATIONS = YES;
				CLANG_WARN_DIRECT_OBJC_ISA_USAGE = YES_ERROR;
				CLANG_WARN_DOCUMENTATION_COMMENTS = YES;
				CLANG_WARN_EMPTY_BODY = YES;
				CLANG_WARN_ENUM_CONVERSION = YES;
				CLANG_WARN_INFINITE_RECURSION = YES;
				CLANG_WARN_INT_CONVERSION = YES;
				CLANG_WARN_NON_LITERAL_NULL_CONVERSION = YES;
				CLANG_WARN_OBJC_IMPLICIT_RETAIN_SELF = YES;
				CLANG_WARN_OBJC_LITERAL_CONVERSION = YES;
				CLANG_WARN_OBJC_ROOT_CLASS = YES_ERROR;
				CLANG_WARN_QUOTED_INCLUDE_IN_FRAMEWORK_HEADER = YES;
				CLANG_WARN_RANGE_LOOP_ANALYSIS = YES;
				CLANG_WARN_STRICT_PROTOTYPES = YES;
				CLANG_WARN_SUSPICIOUS_MOVE = YES;
				CLANG_WARN_UNGUARDED_AVAILABILITY = YES_AGGRESSIVE;
				CLANG_WARN_UNREACHABLE_CODE = YES;
				CLANG_WARN__DUPLICATE_METHOD_MATCH = YES;
				COPY_PHASE_STRIP = NO;
				DEBUG_INFORMATION_FORMAT = dwarf;
				ENABLE_STRICT_OBJC_MSGSEND = YES;
				ENABLE_TESTABILITY = YES;
				GCC_C_LANGUAGE_STANDARD = gnu11;
				GCC_DYNAMIC_NO_PIC = NO;
				GCC_NO_COMMON_BLOCKS = YES;
				GCC_OPTIMIZATION_LEVEL = 0;
				GCC_PREPROCESSOR_DEFINITIONS = (
					"DEBUG=1",
					"$(inherited)",
				);
				GCC_WARN_64_TO_32_BIT_CONVERSION = YES;
				GCC_WARN_ABOUT_RETURN_TYPE = YES_ERROR;
				GCC_WARN_UNDECLARED_SELECTOR = YES;
				GCC_WARN_UNINITIALIZED_AUTOS = YES_AGGRESSIVE;
				GCC_WARN_UNUSED_FUNCTION = YES;
				GCC_WARN_UNUSED_VARIABLE = YES;
				IPHONEOS_DEPLOYMENT_TARGET = 16.2;
				MTL_ENABLE_DEBUG_INFO = INCLUDE_SOURCE;
				MTL_FAST_MATH = YES;
				ONLY_ACTIVE_ARCH = YES;
				SDKROOT = iphoneos;
				SWIFT_ACTIVE_COMPILATION_CONDITIONS = DEBUG;
				SWIFT_OPTIMIZATION_LEVEL = "-Onone";
			};
			name = Debug;
		};
		CEC499BE2999FFD200ECEDD8 /* Release */ = {
			isa = XCBuildConfiguration;
			buildSettings = {
				ALWAYS_SEARCH_USER_PATHS = NO;
				CLANG_ANALYZER_NONNULL = YES;
				CLANG_ANALYZER_NUMBER_OBJECT_CONVERSION = YES_AGGRESSIVE;
				CLANG_CXX_LANGUAGE_STANDARD = "gnu++20";
				CLANG_ENABLE_MODULES = YES;
				CLANG_ENABLE_OBJC_ARC = YES;
				CLANG_ENABLE_OBJC_WEAK = YES;
				CLANG_WARN_BLOCK_CAPTURE_AUTORELEASING = YES;
				CLANG_WARN_BOOL_CONVERSION = YES;
				CLANG_WARN_COMMA = YES;
				CLANG_WARN_CONSTANT_CONVERSION = YES;
				CLANG_WARN_DEPRECATED_OBJC_IMPLEMENTATIONS = YES;
				CLANG_WARN_DIRECT_OBJC_ISA_USAGE = YES_ERROR;
				CLANG_WARN_DOCUMENTATION_COMMENTS = YES;
				CLANG_WARN_EMPTY_BODY = YES;
				CLANG_WARN_ENUM_CONVERSION = YES;
				CLANG_WARN_INFINITE_RECURSION = YES;
				CLANG_WARN_INT_CONVERSION = YES;
				CLANG_WARN_NON_LITERAL_NULL_CONVERSION = YES;
				CLANG_WARN_OBJC_IMPLICIT_RETAIN_SELF = YES;
				CLANG_WARN_OBJC_LITERAL_CONVERSION = YES;
				CLANG_WARN_OBJC_ROOT_CLASS = YES_ERROR;
				CLANG_WARN_QUOTED_INCLUDE_IN_FRAMEWORK_HEADER = YES;
				CLANG_WARN_RANGE_LOOP_ANALYSIS = YES;
				CLANG_WARN_STRICT_PROTOTYPES = YES;
				CLANG_WARN_SUSPICIOUS_MOVE = YES;
				CLANG_WARN_UNGUARDED_AVAILABILITY = YES_AGGRESSIVE;
				CLANG_WARN_UNREACHABLE_CODE = YES;
				CLANG_WARN__DUPLICATE_METHOD_MATCH = YES;
				COPY_PHASE_STRIP = NO;
				DEBUG_INFORMATION_FORMAT = "dwarf-with-dsym";
				ENABLE_NS_ASSERTIONS = NO;
				ENABLE_STRICT_OBJC_MSGSEND = YES;
				GCC_C_LANGUAGE_STANDARD = gnu11;
				GCC_NO_COMMON_BLOCKS = YES;
				GCC_WARN_64_TO_32_BIT_CONVERSION = YES;
				GCC_WARN_ABOUT_RETURN_TYPE = YES_ERROR;
				GCC_WARN_UNDECLARED_SELECTOR = YES;
				GCC_WARN_UNINITIALIZED_AUTOS = YES_AGGRESSIVE;
				GCC_WARN_UNUSED_FUNCTION = YES;
				GCC_WARN_UNUSED_VARIABLE = YES;
				IPHONEOS_DEPLOYMENT_TARGET = 16.2;
				MTL_ENABLE_DEBUG_INFO = NO;
				MTL_FAST_MATH = YES;
				SDKROOT = iphoneos;
				SWIFT_COMPILATION_MODE = wholemodule;
				SWIFT_OPTIMIZATION_LEVEL = "-O";
				VALIDATE_PRODUCT = YES;
			};
			name = Release;
		};
		CEC499C02999FFD200ECEDD8 /* Debug */ = {
			isa = XCBuildConfiguration;
			buildSettings = {
				ASSETCATALOG_COMPILER_APPICON_NAME = AppIcon;
				ASSETCATALOG_COMPILER_GLOBAL_ACCENT_COLOR_NAME = AccentColor;
				CODE_SIGN_STYLE = Automatic;
				CURRENT_PROJECT_VERSION = 1;
				GENERATE_INFOPLIST_FILE = YES;
				INFOPLIST_FILE = LogApp/App/Info.plist;
				INFOPLIST_KEY_UIApplicationSupportsIndirectInputEvents = YES;
				INFOPLIST_KEY_UILaunchStoryboardName = LaunchScreen;
				INFOPLIST_KEY_UIMainStoryboardFile = Main;
				INFOPLIST_KEY_UISupportedInterfaceOrientations = "UIInterfaceOrientationLandscapeRight UIInterfaceOrientationPortrait";
				INFOPLIST_KEY_UISupportedInterfaceOrientations_iPad = "UIInterfaceOrientationLandscapeLeft UIInterfaceOrientationLandscapeRight UIInterfaceOrientationPortrait UIInterfaceOrientationPortraitUpsideDown";
				LD_RUNPATH_SEARCH_PATHS = (
					"$(inherited)",
					"@executable_path/Frameworks",
				);
				MARKETING_VERSION = 1.0;
				PRODUCT_BUNDLE_IDENTIFIER = gudzon818.LogApp;
				PRODUCT_NAME = "$(TARGET_NAME)";
				SUPPORTED_PLATFORMS = "iphoneos iphonesimulator";
				SUPPORTS_MACCATALYST = NO;
				SUPPORTS_MAC_DESIGNED_FOR_IPHONE_IPAD = NO;
				SWIFT_EMIT_LOC_STRINGS = YES;
				SWIFT_VERSION = 5.0;
				TARGETED_DEVICE_FAMILY = 1;
			};
			name = Debug;
		};
		CEC499C12999FFD200ECEDD8 /* Release */ = {
			isa = XCBuildConfiguration;
			buildSettings = {
				ASSETCATALOG_COMPILER_APPICON_NAME = AppIcon;
				ASSETCATALOG_COMPILER_GLOBAL_ACCENT_COLOR_NAME = AccentColor;
				CODE_SIGN_STYLE = Automatic;
				CURRENT_PROJECT_VERSION = 1;
				GENERATE_INFOPLIST_FILE = YES;
				INFOPLIST_FILE = LogApp/App/Info.plist;
				INFOPLIST_KEY_UIApplicationSupportsIndirectInputEvents = YES;
				INFOPLIST_KEY_UILaunchStoryboardName = LaunchScreen;
				INFOPLIST_KEY_UIMainStoryboardFile = Main;
				INFOPLIST_KEY_UISupportedInterfaceOrientations = "UIInterfaceOrientationLandscapeRight UIInterfaceOrientationPortrait";
				INFOPLIST_KEY_UISupportedInterfaceOrientations_iPad = "UIInterfaceOrientationLandscapeLeft UIInterfaceOrientationLandscapeRight UIInterfaceOrientationPortrait UIInterfaceOrientationPortraitUpsideDown";
				LD_RUNPATH_SEARCH_PATHS = (
					"$(inherited)",
					"@executable_path/Frameworks",
				);
				MARKETING_VERSION = 1.0;
				PRODUCT_BUNDLE_IDENTIFIER = gudzon818.LogApp;
				PRODUCT_NAME = "$(TARGET_NAME)";
				SUPPORTED_PLATFORMS = "iphoneos iphonesimulator";
				SUPPORTS_MACCATALYST = NO;
				SUPPORTS_MAC_DESIGNED_FOR_IPHONE_IPAD = NO;
				SWIFT_EMIT_LOC_STRINGS = YES;
				SWIFT_VERSION = 5.0;
				TARGETED_DEVICE_FAMILY = 1;
			};
			name = Release;
		};
/* End XCBuildConfiguration section */

/* Begin XCConfigurationList section */
		CEC499A62999FFD100ECEDD8 /* Build configuration list for PBXProject "LogApp" */ = {
			isa = XCConfigurationList;
			buildConfigurations = (
				CEC499BD2999FFD200ECEDD8 /* Debug */,
				CEC499BE2999FFD200ECEDD8 /* Release */,
			);
			defaultConfigurationIsVisible = 0;
			defaultConfigurationName = Release;
		};
		CEC499BF2999FFD200ECEDD8 /* Build configuration list for PBXNativeTarget "LogApp" */ = {
			isa = XCConfigurationList;
			buildConfigurations = (
				CEC499C02999FFD200ECEDD8 /* Debug */,
				CEC499C12999FFD200ECEDD8 /* Release */,
			);
			defaultConfigurationIsVisible = 0;
			defaultConfigurationName = Release;
		};
/* End XCConfigurationList section */
	};
	rootObject = CEC499A32999FFD100ECEDD8 /* Project object */;
}
